// !$*UTF8*$!
{
	archiveVersion = 1;
	classes = {
	};
	objectVersion = 50;
	objects = {

/* Begin PBXBuildFile section */
		410A47CC24A61A2800835AED /* DiscountMock.swift in Sources */ = {isa = PBXBuildFile; fileRef = 410A47CB24A61A2800835AED /* DiscountMock.swift */; };
		415E430924A5895900824F44 /* TaxRepresentable.swift in Sources */ = {isa = PBXBuildFile; fileRef = 415E430824A5895900824F44 /* TaxRepresentable.swift */; };
		415E430B24A58A0F00824F44 /* ItemRepresentable.swift in Sources */ = {isa = PBXBuildFile; fileRef = 415E430A24A58A0F00824F44 /* ItemRepresentable.swift */; };
		415E430D24A58B1200824F44 /* DiscountRepresentable.swift in Sources */ = {isa = PBXBuildFile; fileRef = 415E430C24A58B1200824F44 /* DiscountRepresentable.swift */; };
		415E431124A58D0400824F44 /* BillRepresentable.swift in Sources */ = {isa = PBXBuildFile; fileRef = 415E431024A58D0400824F44 /* BillRepresentable.swift */; };
		415E431C24A5AD7100824F44 /* ItemMock.swift in Sources */ = {isa = PBXBuildFile; fileRef = 415E431B24A5AD7100824F44 /* ItemMock.swift */; };
		415E431E24A615F000824F44 /* TaxMock.swift in Sources */ = {isa = PBXBuildFile; fileRef = 415E431D24A615F000824F44 /* TaxMock.swift */; };
		41864D8624A4DDEE00B72006 /* BillEngine.framework in Frameworks */ = {isa = PBXBuildFile; fileRef = 41864D7C24A4DDEE00B72006 /* BillEngine.framework */; };
		41864D8B24A4DDEE00B72006 /* BillGeneratorTests.swift in Sources */ = {isa = PBXBuildFile; fileRef = 41864D8A24A4DDEE00B72006 /* BillGeneratorTests.swift */; };
		41864D8D24A4DDEE00B72006 /* BillEngine.h in Headers */ = {isa = PBXBuildFile; fileRef = 41864D7F24A4DDEE00B72006 /* BillEngine.h */; settings = {ATTRIBUTES = (Public, ); }; };
		41864D9724A50B7A00B72006 /* BillGenerator.swift in Sources */ = {isa = PBXBuildFile; fileRef = 41864D9624A50B7A00B72006 /* BillGenerator.swift */; };
		41960BE924A7A3ED00DD624B /* Box.swift in Sources */ = {isa = PBXBuildFile; fileRef = 41960BE824A7A3ED00DD624B /* Box.swift */; };
		41960BEC24A7A43D00DD624B /* NSDecimalNumber+Utilties.swift in Sources */ = {isa = PBXBuildFile; fileRef = 41960BEB24A7A43D00DD624B /* NSDecimalNumber+Utilties.swift */; };
		41E53A8824A6954500C3CDCC /* AppDelegate.swift in Sources */ = {isa = PBXBuildFile; fileRef = 41E53A8724A6954500C3CDCC /* AppDelegate.swift */; };
		41E53A8A24A6954500C3CDCC /* SceneDelegate.swift in Sources */ = {isa = PBXBuildFile; fileRef = 41E53A8924A6954500C3CDCC /* SceneDelegate.swift */; };
		41E53A8C24A6954500C3CDCC /* ViewController.swift in Sources */ = {isa = PBXBuildFile; fileRef = 41E53A8B24A6954500C3CDCC /* ViewController.swift */; };
		41E53A8F24A6954500C3CDCC /* Main.storyboard in Resources */ = {isa = PBXBuildFile; fileRef = 41E53A8D24A6954500C3CDCC /* Main.storyboard */; };
		41E53A9124A6954700C3CDCC /* Assets.xcassets in Resources */ = {isa = PBXBuildFile; fileRef = 41E53A9024A6954700C3CDCC /* Assets.xcassets */; };
		41E53A9424A6954700C3CDCC /* LaunchScreen.storyboard in Resources */ = {isa = PBXBuildFile; fileRef = 41E53A9224A6954700C3CDCC /* LaunchScreen.storyboard */; };
		41E53A9F24A6954700C3CDCC /* ExampleTests.swift in Sources */ = {isa = PBXBuildFile; fileRef = 41E53A9E24A6954700C3CDCC /* ExampleTests.swift */; };
/* End PBXBuildFile section */

/* Begin PBXContainerItemProxy section */
		41864D8724A4DDEE00B72006 /* PBXContainerItemProxy */ = {
			isa = PBXContainerItemProxy;
			containerPortal = 41864D7324A4DDEE00B72006 /* Project object */;
			proxyType = 1;
			remoteGlobalIDString = 41864D7B24A4DDEE00B72006;
			remoteInfo = BillEngine;
		};
		41E53A9B24A6954700C3CDCC /* PBXContainerItemProxy */ = {
			isa = PBXContainerItemProxy;
			containerPortal = 41864D7324A4DDEE00B72006 /* Project object */;
			proxyType = 1;
			remoteGlobalIDString = 41E53A8424A6954500C3CDCC;
			remoteInfo = Example;
		};
/* End PBXContainerItemProxy section */

/* Begin PBXFileReference section */
		410A47CB24A61A2800835AED /* DiscountMock.swift */ = {isa = PBXFileReference; lastKnownFileType = sourcecode.swift; path = DiscountMock.swift; sourceTree = "<group>"; };
		415E430824A5895900824F44 /* TaxRepresentable.swift */ = {isa = PBXFileReference; fileEncoding = 4; lastKnownFileType = sourcecode.swift; path = TaxRepresentable.swift; sourceTree = "<group>"; };
		415E430A24A58A0F00824F44 /* ItemRepresentable.swift */ = {isa = PBXFileReference; fileEncoding = 4; lastKnownFileType = sourcecode.swift; path = ItemRepresentable.swift; sourceTree = "<group>"; };
		415E430C24A58B1200824F44 /* DiscountRepresentable.swift */ = {isa = PBXFileReference; fileEncoding = 4; lastKnownFileType = sourcecode.swift; path = DiscountRepresentable.swift; sourceTree = "<group>"; };
		415E431024A58D0400824F44 /* BillRepresentable.swift */ = {isa = PBXFileReference; lastKnownFileType = sourcecode.swift; path = BillRepresentable.swift; sourceTree = "<group>"; };
		415E431B24A5AD7100824F44 /* ItemMock.swift */ = {isa = PBXFileReference; lastKnownFileType = sourcecode.swift; path = ItemMock.swift; sourceTree = "<group>"; };
		415E431D24A615F000824F44 /* TaxMock.swift */ = {isa = PBXFileReference; lastKnownFileType = sourcecode.swift; path = TaxMock.swift; sourceTree = "<group>"; };
		41864D7C24A4DDEE00B72006 /* BillEngine.framework */ = {isa = PBXFileReference; explicitFileType = wrapper.framework; includeInIndex = 0; path = BillEngine.framework; sourceTree = BUILT_PRODUCTS_DIR; };
		41864D7F24A4DDEE00B72006 /* BillEngine.h */ = {isa = PBXFileReference; lastKnownFileType = sourcecode.c.h; path = BillEngine.h; sourceTree = "<group>"; };
		41864D8024A4DDEE00B72006 /* Info.plist */ = {isa = PBXFileReference; lastKnownFileType = text.plist.xml; path = Info.plist; sourceTree = "<group>"; };
		41864D8524A4DDEE00B72006 /* BillEngineTests.xctest */ = {isa = PBXFileReference; explicitFileType = wrapper.cfbundle; includeInIndex = 0; path = BillEngineTests.xctest; sourceTree = BUILT_PRODUCTS_DIR; };
		41864D8A24A4DDEE00B72006 /* BillGeneratorTests.swift */ = {isa = PBXFileReference; lastKnownFileType = sourcecode.swift; path = BillGeneratorTests.swift; sourceTree = "<group>"; };
		41864D8C24A4DDEE00B72006 /* Info.plist */ = {isa = PBXFileReference; lastKnownFileType = text.plist.xml; path = Info.plist; sourceTree = "<group>"; };
		41864D9624A50B7A00B72006 /* BillGenerator.swift */ = {isa = PBXFileReference; lastKnownFileType = sourcecode.swift; path = BillGenerator.swift; sourceTree = "<group>"; };
		41960BE824A7A3ED00DD624B /* Box.swift */ = {isa = PBXFileReference; lastKnownFileType = sourcecode.swift; path = Box.swift; sourceTree = "<group>"; };
		41960BEB24A7A43D00DD624B /* NSDecimalNumber+Utilties.swift */ = {isa = PBXFileReference; lastKnownFileType = sourcecode.swift; path = "NSDecimalNumber+Utilties.swift"; sourceTree = "<group>"; };
		41E53A8524A6954500C3CDCC /* Example.app */ = {isa = PBXFileReference; explicitFileType = wrapper.application; includeInIndex = 0; path = Example.app; sourceTree = BUILT_PRODUCTS_DIR; };
		41E53A8724A6954500C3CDCC /* AppDelegate.swift */ = {isa = PBXFileReference; lastKnownFileType = sourcecode.swift; path = AppDelegate.swift; sourceTree = "<group>"; };
		41E53A8924A6954500C3CDCC /* SceneDelegate.swift */ = {isa = PBXFileReference; lastKnownFileType = sourcecode.swift; path = SceneDelegate.swift; sourceTree = "<group>"; };
		41E53A8B24A6954500C3CDCC /* ViewController.swift */ = {isa = PBXFileReference; lastKnownFileType = sourcecode.swift; path = ViewController.swift; sourceTree = "<group>"; };
		41E53A8E24A6954500C3CDCC /* Base */ = {isa = PBXFileReference; lastKnownFileType = file.storyboard; name = Base; path = Base.lproj/Main.storyboard; sourceTree = "<group>"; };
		41E53A9024A6954700C3CDCC /* Assets.xcassets */ = {isa = PBXFileReference; lastKnownFileType = folder.assetcatalog; path = Assets.xcassets; sourceTree = "<group>"; };
		41E53A9324A6954700C3CDCC /* Base */ = {isa = PBXFileReference; lastKnownFileType = file.storyboard; name = Base; path = Base.lproj/LaunchScreen.storyboard; sourceTree = "<group>"; };
		41E53A9524A6954700C3CDCC /* Info.plist */ = {isa = PBXFileReference; lastKnownFileType = text.plist.xml; path = Info.plist; sourceTree = "<group>"; };
		41E53A9A24A6954700C3CDCC /* ExampleTests.xctest */ = {isa = PBXFileReference; explicitFileType = wrapper.cfbundle; includeInIndex = 0; path = ExampleTests.xctest; sourceTree = BUILT_PRODUCTS_DIR; };
		41E53A9E24A6954700C3CDCC /* ExampleTests.swift */ = {isa = PBXFileReference; lastKnownFileType = sourcecode.swift; path = ExampleTests.swift; sourceTree = "<group>"; };
		41E53AA024A6954700C3CDCC /* Info.plist */ = {isa = PBXFileReference; lastKnownFileType = text.plist.xml; path = Info.plist; sourceTree = "<group>"; };
/* End PBXFileReference section */

/* Begin PBXFrameworksBuildPhase section */
		41864D7924A4DDEE00B72006 /* Frameworks */ = {
			isa = PBXFrameworksBuildPhase;
			buildActionMask = 2147483647;
			files = (
			);
			runOnlyForDeploymentPostprocessing = 0;
		};
		41864D8224A4DDEE00B72006 /* Frameworks */ = {
			isa = PBXFrameworksBuildPhase;
			buildActionMask = 2147483647;
			files = (
				41864D8624A4DDEE00B72006 /* BillEngine.framework in Frameworks */,
			);
			runOnlyForDeploymentPostprocessing = 0;
		};
		41E53A8224A6954500C3CDCC /* Frameworks */ = {
			isa = PBXFrameworksBuildPhase;
			buildActionMask = 2147483647;
			files = (
			);
			runOnlyForDeploymentPostprocessing = 0;
		};
		41E53A9724A6954700C3CDCC /* Frameworks */ = {
			isa = PBXFrameworksBuildPhase;
			buildActionMask = 2147483647;
			files = (
			);
			runOnlyForDeploymentPostprocessing = 0;
		};
/* End PBXFrameworksBuildPhase section */

/* Begin PBXGroup section */
		415E430724A5894300824F44 /* Models */ = {
			isa = PBXGroup;
			children = (
				415E430F24A58C8300824F44 /* OutputModel */,
				415E430E24A58C7700824F44 /* InputModel */,
			);
			path = Models;
			sourceTree = "<group>";
		};
		415E430E24A58C7700824F44 /* InputModel */ = {
			isa = PBXGroup;
			children = (
				415E430C24A58B1200824F44 /* DiscountRepresentable.swift */,
				415E430824A5895900824F44 /* TaxRepresentable.swift */,
				415E430A24A58A0F00824F44 /* ItemRepresentable.swift */,
			);
			path = InputModel;
			sourceTree = "<group>";
		};
		415E430F24A58C8300824F44 /* OutputModel */ = {
			isa = PBXGroup;
			children = (
				415E431024A58D0400824F44 /* BillRepresentable.swift */,
			);
			path = OutputModel;
			sourceTree = "<group>";
		};
		415E431A24A5AD5F00824F44 /* Mock */ = {
			isa = PBXGroup;
			children = (
				415E431B24A5AD7100824F44 /* ItemMock.swift */,
				415E431D24A615F000824F44 /* TaxMock.swift */,
				410A47CB24A61A2800835AED /* DiscountMock.swift */,
			);
			path = Mock;
			sourceTree = "<group>";
		};
		41864D7224A4DDEE00B72006 = {
			isa = PBXGroup;
			children = (
				41864D7E24A4DDEE00B72006 /* BillEngine */,
				41864D8924A4DDEE00B72006 /* BillEngineTests */,
				41E53A8624A6954500C3CDCC /* Example */,
				41E53A9D24A6954700C3CDCC /* ExampleTests */,
				41864D7D24A4DDEE00B72006 /* Products */,
			);
			sourceTree = "<group>";
		};
		41864D7D24A4DDEE00B72006 /* Products */ = {
			isa = PBXGroup;
			children = (
				41864D7C24A4DDEE00B72006 /* BillEngine.framework */,
				41864D8524A4DDEE00B72006 /* BillEngineTests.xctest */,
				41E53A8524A6954500C3CDCC /* Example.app */,
				41E53A9A24A6954700C3CDCC /* ExampleTests.xctest */,
			);
			name = Products;
			sourceTree = "<group>";
		};
		41864D7E24A4DDEE00B72006 /* BillEngine */ = {
			isa = PBXGroup;
			children = (
				41960BEA24A7A41F00DD624B /* Extension */,
				41960BE724A7A3DE00DD624B /* Binding */,
				415E430724A5894300824F44 /* Models */,
				41864D7F24A4DDEE00B72006 /* BillEngine.h */,
				41864D8024A4DDEE00B72006 /* Info.plist */,
				41864D9624A50B7A00B72006 /* BillGenerator.swift */,
			);
			path = BillEngine;
			sourceTree = "<group>";
		};
		41864D8924A4DDEE00B72006 /* BillEngineTests */ = {
			isa = PBXGroup;
			children = (
				415E431A24A5AD5F00824F44 /* Mock */,
				41864D8A24A4DDEE00B72006 /* BillGeneratorTests.swift */,
				41864D8C24A4DDEE00B72006 /* Info.plist */,
			);
			path = BillEngineTests;
			sourceTree = "<group>";
		};
		41960BE724A7A3DE00DD624B /* Binding */ = {
			isa = PBXGroup;
			children = (
				41960BE824A7A3ED00DD624B /* Box.swift */,
			);
			path = Binding;
			sourceTree = "<group>";
		};
		41960BEA24A7A41F00DD624B /* Extension */ = {
			isa = PBXGroup;
			children = (
				41960BEB24A7A43D00DD624B /* NSDecimalNumber+Utilties.swift */,
			);
			path = Extension;
			sourceTree = "<group>";
		};
		41E53A8624A6954500C3CDCC /* Example */ = {
			isa = PBXGroup;
			children = (
				41E53A8724A6954500C3CDCC /* AppDelegate.swift */,
				41E53A8924A6954500C3CDCC /* SceneDelegate.swift */,
				41E53A8B24A6954500C3CDCC /* ViewController.swift */,
				41E53A8D24A6954500C3CDCC /* Main.storyboard */,
				41E53A9024A6954700C3CDCC /* Assets.xcassets */,
				41E53A9224A6954700C3CDCC /* LaunchScreen.storyboard */,
				41E53A9524A6954700C3CDCC /* Info.plist */,
			);
			path = Example;
			sourceTree = "<group>";
		};
		41E53A9D24A6954700C3CDCC /* ExampleTests */ = {
			isa = PBXGroup;
			children = (
				41E53A9E24A6954700C3CDCC /* ExampleTests.swift */,
				41E53AA024A6954700C3CDCC /* Info.plist */,
			);
			path = ExampleTests;
			sourceTree = "<group>";
		};
/* End PBXGroup section */

/* Begin PBXHeadersBuildPhase section */
		41864D7724A4DDEE00B72006 /* Headers */ = {
			isa = PBXHeadersBuildPhase;
			buildActionMask = 2147483647;
			files = (
				41864D8D24A4DDEE00B72006 /* BillEngine.h in Headers */,
			);
			runOnlyForDeploymentPostprocessing = 0;
		};
/* End PBXHeadersBuildPhase section */

/* Begin PBXNativeTarget section */
		41864D7B24A4DDEE00B72006 /* BillEngine */ = {
			isa = PBXNativeTarget;
			buildConfigurationList = 41864D9024A4DDEE00B72006 /* Build configuration list for PBXNativeTarget "BillEngine" */;
			buildPhases = (
				41864D7724A4DDEE00B72006 /* Headers */,
				41864D7824A4DDEE00B72006 /* Sources */,
				41864D7924A4DDEE00B72006 /* Frameworks */,
				41864D7A24A4DDEE00B72006 /* Resources */,
			);
			buildRules = (
			);
			dependencies = (
			);
			name = BillEngine;
			productName = BillEngine;
			productReference = 41864D7C24A4DDEE00B72006 /* BillEngine.framework */;
			productType = "com.apple.product-type.framework";
		};
		41864D8424A4DDEE00B72006 /* BillEngineTests */ = {
			isa = PBXNativeTarget;
			buildConfigurationList = 41864D9324A4DDEE00B72006 /* Build configuration list for PBXNativeTarget "BillEngineTests" */;
			buildPhases = (
				41864D8124A4DDEE00B72006 /* Sources */,
				41864D8224A4DDEE00B72006 /* Frameworks */,
				41864D8324A4DDEE00B72006 /* Resources */,
			);
			buildRules = (
			);
			dependencies = (
				41864D8824A4DDEE00B72006 /* PBXTargetDependency */,
			);
			name = BillEngineTests;
			productName = BillEngineTests;
			productReference = 41864D8524A4DDEE00B72006 /* BillEngineTests.xctest */;
			productType = "com.apple.product-type.bundle.unit-test";
		};
		41E53A8424A6954500C3CDCC /* Example */ = {
			isa = PBXNativeTarget;
			buildConfigurationList = 41E53AA524A6954700C3CDCC /* Build configuration list for PBXNativeTarget "Example" */;
			buildPhases = (
				41E53A8124A6954500C3CDCC /* Sources */,
				41E53A8224A6954500C3CDCC /* Frameworks */,
				41E53A8324A6954500C3CDCC /* Resources */,
			);
			buildRules = (
			);
			dependencies = (
			);
			name = Example;
			productName = Example;
			productReference = 41E53A8524A6954500C3CDCC /* Example.app */;
			productType = "com.apple.product-type.application";
		};
		41E53A9924A6954700C3CDCC /* ExampleTests */ = {
			isa = PBXNativeTarget;
			buildConfigurationList = 41E53AA624A6954700C3CDCC /* Build configuration list for PBXNativeTarget "ExampleTests" */;
			buildPhases = (
				41E53A9624A6954700C3CDCC /* Sources */,
				41E53A9724A6954700C3CDCC /* Frameworks */,
				41E53A9824A6954700C3CDCC /* Resources */,
			);
			buildRules = (
			);
			dependencies = (
				41E53A9C24A6954700C3CDCC /* PBXTargetDependency */,
			);
			name = ExampleTests;
			productName = ExampleTests;
			productReference = 41E53A9A24A6954700C3CDCC /* ExampleTests.xctest */;
			productType = "com.apple.product-type.bundle.unit-test";
		};
/* End PBXNativeTarget section */

/* Begin PBXProject section */
		41864D7324A4DDEE00B72006 /* Project object */ = {
			isa = PBXProject;
			attributes = {
				LastSwiftUpdateCheck = 1150;
				LastUpgradeCheck = 1150;
				ORGANIZATIONNAME = "Aliasgar Mala";
				TargetAttributes = {
					41864D7B24A4DDEE00B72006 = {
						CreatedOnToolsVersion = 11.5;
						LastSwiftMigration = 1150;
					};
					41864D8424A4DDEE00B72006 = {
						CreatedOnToolsVersion = 11.5;
					};
					41E53A8424A6954500C3CDCC = {
						CreatedOnToolsVersion = 11.5;
					};
					41E53A9924A6954700C3CDCC = {
						CreatedOnToolsVersion = 11.5;
						TestTargetID = 41E53A8424A6954500C3CDCC;
					};
				};
			};
			buildConfigurationList = 41864D7624A4DDEE00B72006 /* Build configuration list for PBXProject "BillEngine" */;
			compatibilityVersion = "Xcode 9.3";
			developmentRegion = en;
			hasScannedForEncodings = 0;
			knownRegions = (
				en,
				Base,
			);
			mainGroup = 41864D7224A4DDEE00B72006;
			productRefGroup = 41864D7D24A4DDEE00B72006 /* Products */;
			projectDirPath = "";
			projectRoot = "";
			targets = (
				41864D7B24A4DDEE00B72006 /* BillEngine */,
				41864D8424A4DDEE00B72006 /* BillEngineTests */,
				41E53A8424A6954500C3CDCC /* Example */,
				41E53A9924A6954700C3CDCC /* ExampleTests */,
			);
		};
/* End PBXProject section */

/* Begin PBXResourcesBuildPhase section */
		41864D7A24A4DDEE00B72006 /* Resources */ = {
			isa = PBXResourcesBuildPhase;
			buildActionMask = 2147483647;
			files = (
			);
			runOnlyForDeploymentPostprocessing = 0;
		};
		41864D8324A4DDEE00B72006 /* Resources */ = {
			isa = PBXResourcesBuildPhase;
			buildActionMask = 2147483647;
			files = (
			);
			runOnlyForDeploymentPostprocessing = 0;
		};
		41E53A8324A6954500C3CDCC /* Resources */ = {
			isa = PBXResourcesBuildPhase;
			buildActionMask = 2147483647;
			files = (
				41E53A9424A6954700C3CDCC /* LaunchScreen.storyboard in Resources */,
				41E53A9124A6954700C3CDCC /* Assets.xcassets in Resources */,
				41E53A8F24A6954500C3CDCC /* Main.storyboard in Resources */,
			);
			runOnlyForDeploymentPostprocessing = 0;
		};
		41E53A9824A6954700C3CDCC /* Resources */ = {
			isa = PBXResourcesBuildPhase;
			buildActionMask = 2147483647;
			files = (
			);
			runOnlyForDeploymentPostprocessing = 0;
		};
/* End PBXResourcesBuildPhase section */

/* Begin PBXSourcesBuildPhase section */
		41864D7824A4DDEE00B72006 /* Sources */ = {
			isa = PBXSourcesBuildPhase;
			buildActionMask = 2147483647;
			files = (
				415E430924A5895900824F44 /* TaxRepresentable.swift in Sources */,
				41960BE924A7A3ED00DD624B /* Box.swift in Sources */,
				41960BEC24A7A43D00DD624B /* NSDecimalNumber+Utilties.swift in Sources */,
				415E430B24A58A0F00824F44 /* ItemRepresentable.swift in Sources */,
				415E431124A58D0400824F44 /* BillRepresentable.swift in Sources */,
				415E430D24A58B1200824F44 /* DiscountRepresentable.swift in Sources */,
				41864D9724A50B7A00B72006 /* BillGenerator.swift in Sources */,
			);
			runOnlyForDeploymentPostprocessing = 0;
		};
		41864D8124A4DDEE00B72006 /* Sources */ = {
			isa = PBXSourcesBuildPhase;
			buildActionMask = 2147483647;
			files = (
				410A47CC24A61A2800835AED /* DiscountMock.swift in Sources */,
				415E431E24A615F000824F44 /* TaxMock.swift in Sources */,
				415E431C24A5AD7100824F44 /* ItemMock.swift in Sources */,
				41864D8B24A4DDEE00B72006 /* BillGeneratorTests.swift in Sources */,
			);
			runOnlyForDeploymentPostprocessing = 0;
		};
		41E53A8124A6954500C3CDCC /* Sources */ = {
			isa = PBXSourcesBuildPhase;
			buildActionMask = 2147483647;
			files = (
				41E53A8C24A6954500C3CDCC /* ViewController.swift in Sources */,
				41E53A8824A6954500C3CDCC /* AppDelegate.swift in Sources */,
				41E53A8A24A6954500C3CDCC /* SceneDelegate.swift in Sources */,
			);
			runOnlyForDeploymentPostprocessing = 0;
		};
		41E53A9624A6954700C3CDCC /* Sources */ = {
			isa = PBXSourcesBuildPhase;
			buildActionMask = 2147483647;
			files = (
				41E53A9F24A6954700C3CDCC /* ExampleTests.swift in Sources */,
			);
			runOnlyForDeploymentPostprocessing = 0;
		};
/* End PBXSourcesBuildPhase section */

/* Begin PBXTargetDependency section */
		41864D8824A4DDEE00B72006 /* PBXTargetDependency */ = {
			isa = PBXTargetDependency;
			target = 41864D7B24A4DDEE00B72006 /* BillEngine */;
			targetProxy = 41864D8724A4DDEE00B72006 /* PBXContainerItemProxy */;
		};
		41E53A9C24A6954700C3CDCC /* PBXTargetDependency */ = {
			isa = PBXTargetDependency;
			target = 41E53A8424A6954500C3CDCC /* Example */;
			targetProxy = 41E53A9B24A6954700C3CDCC /* PBXContainerItemProxy */;
		};
/* End PBXTargetDependency section */

/* Begin PBXVariantGroup section */
		41E53A8D24A6954500C3CDCC /* Main.storyboard */ = {
			isa = PBXVariantGroup;
			children = (
				41E53A8E24A6954500C3CDCC /* Base */,
			);
			name = Main.storyboard;
			sourceTree = "<group>";
		};
		41E53A9224A6954700C3CDCC /* LaunchScreen.storyboard */ = {
			isa = PBXVariantGroup;
			children = (
				41E53A9324A6954700C3CDCC /* Base */,
			);
			name = LaunchScreen.storyboard;
			sourceTree = "<group>";
		};
/* End PBXVariantGroup section */

/* Begin XCBuildConfiguration section */
		41864D8E24A4DDEE00B72006 /* Debug */ = {
			isa = XCBuildConfiguration;
			buildSettings = {
				ALWAYS_SEARCH_USER_PATHS = NO;
				CLANG_ANALYZER_NONNULL = YES;
				CLANG_ANALYZER_NUMBER_OBJECT_CONVERSION = YES_AGGRESSIVE;
				CLANG_CXX_LANGUAGE_STANDARD = "gnu++14";
				CLANG_CXX_LIBRARY = "libc++";
				CLANG_ENABLE_MODULES = YES;
				CLANG_ENABLE_OBJC_ARC = YES;
				CLANG_ENABLE_OBJC_WEAK = YES;
				CLANG_WARN_BLOCK_CAPTURE_AUTORELEASING = YES;
				CLANG_WARN_BOOL_CONVERSION = YES;
				CLANG_WARN_COMMA = YES;
				CLANG_WARN_CONSTANT_CONVERSION = YES;
				CLANG_WARN_DEPRECATED_OBJC_IMPLEMENTATIONS = YES;
				CLANG_WARN_DIRECT_OBJC_ISA_USAGE = YES_ERROR;
				CLANG_WARN_DOCUMENTATION_COMMENTS = YES;
				CLANG_WARN_EMPTY_BODY = YES;
				CLANG_WARN_ENUM_CONVERSION = YES;
				CLANG_WARN_INFINITE_RECURSION = YES;
				CLANG_WARN_INT_CONVERSION = YES;
				CLANG_WARN_NON_LITERAL_NULL_CONVERSION = YES;
				CLANG_WARN_OBJC_IMPLICIT_RETAIN_SELF = YES;
				CLANG_WARN_OBJC_LITERAL_CONVERSION = YES;
				CLANG_WARN_OBJC_ROOT_CLASS = YES_ERROR;
				CLANG_WARN_RANGE_LOOP_ANALYSIS = YES;
				CLANG_WARN_STRICT_PROTOTYPES = YES;
				CLANG_WARN_SUSPICIOUS_MOVE = YES;
				CLANG_WARN_UNGUARDED_AVAILABILITY = YES_AGGRESSIVE;
				CLANG_WARN_UNREACHABLE_CODE = YES;
				CLANG_WARN__DUPLICATE_METHOD_MATCH = YES;
				COPY_PHASE_STRIP = NO;
				CURRENT_PROJECT_VERSION = 1;
				DEBUG_INFORMATION_FORMAT = dwarf;
				ENABLE_STRICT_OBJC_MSGSEND = YES;
				ENABLE_TESTABILITY = YES;
				GCC_C_LANGUAGE_STANDARD = gnu11;
				GCC_DYNAMIC_NO_PIC = NO;
				GCC_NO_COMMON_BLOCKS = YES;
				GCC_OPTIMIZATION_LEVEL = 0;
				GCC_PREPROCESSOR_DEFINITIONS = (
					"DEBUG=1",
					"$(inherited)",
				);
				GCC_WARN_64_TO_32_BIT_CONVERSION = YES;
				GCC_WARN_ABOUT_RETURN_TYPE = YES_ERROR;
				GCC_WARN_UNDECLARED_SELECTOR = YES;
				GCC_WARN_UNINITIALIZED_AUTOS = YES_AGGRESSIVE;
				GCC_WARN_UNUSED_FUNCTION = YES;
				GCC_WARN_UNUSED_VARIABLE = YES;
				IPHONEOS_DEPLOYMENT_TARGET = 13.5;
				MTL_ENABLE_DEBUG_INFO = INCLUDE_SOURCE;
				MTL_FAST_MATH = YES;
				ONLY_ACTIVE_ARCH = YES;
				SDKROOT = iphoneos;
				SWIFT_ACTIVE_COMPILATION_CONDITIONS = DEBUG;
				SWIFT_OPTIMIZATION_LEVEL = "-Onone";
				VERSIONING_SYSTEM = "apple-generic";
				VERSION_INFO_PREFIX = "";
			};
			name = Debug;
		};
		41864D8F24A4DDEE00B72006 /* Release */ = {
			isa = XCBuildConfiguration;
			buildSettings = {
				ALWAYS_SEARCH_USER_PATHS = NO;
				CLANG_ANALYZER_NONNULL = YES;
				CLANG_ANALYZER_NUMBER_OBJECT_CONVERSION = YES_AGGRESSIVE;
				CLANG_CXX_LANGUAGE_STANDARD = "gnu++14";
				CLANG_CXX_LIBRARY = "libc++";
				CLANG_ENABLE_MODULES = YES;
				CLANG_ENABLE_OBJC_ARC = YES;
				CLANG_ENABLE_OBJC_WEAK = YES;
				CLANG_WARN_BLOCK_CAPTURE_AUTORELEASING = YES;
				CLANG_WARN_BOOL_CONVERSION = YES;
				CLANG_WARN_COMMA = YES;
				CLANG_WARN_CONSTANT_CONVERSION = YES;
				CLANG_WARN_DEPRECATED_OBJC_IMPLEMENTATIONS = YES;
				CLANG_WARN_DIRECT_OBJC_ISA_USAGE = YES_ERROR;
				CLANG_WARN_DOCUMENTATION_COMMENTS = YES;
				CLANG_WARN_EMPTY_BODY = YES;
				CLANG_WARN_ENUM_CONVERSION = YES;
				CLANG_WARN_INFINITE_RECURSION = YES;
				CLANG_WARN_INT_CONVERSION = YES;
				CLANG_WARN_NON_LITERAL_NULL_CONVERSION = YES;
				CLANG_WARN_OBJC_IMPLICIT_RETAIN_SELF = YES;
				CLANG_WARN_OBJC_LITERAL_CONVERSION = YES;
				CLANG_WARN_OBJC_ROOT_CLASS = YES_ERROR;
				CLANG_WARN_RANGE_LOOP_ANALYSIS = YES;
				CLANG_WARN_STRICT_PROTOTYPES = YES;
				CLANG_WARN_SUSPICIOUS_MOVE = YES;
				CLANG_WARN_UNGUARDED_AVAILABILITY = YES_AGGRESSIVE;
				CLANG_WARN_UNREACHABLE_CODE = YES;
				CLANG_WARN__DUPLICATE_METHOD_MATCH = YES;
				COPY_PHASE_STRIP = NO;
				CURRENT_PROJECT_VERSION = 1;
				DEBUG_INFORMATION_FORMAT = "dwarf-with-dsym";
				ENABLE_NS_ASSERTIONS = NO;
				ENABLE_STRICT_OBJC_MSGSEND = YES;
				GCC_C_LANGUAGE_STANDARD = gnu11;
				GCC_NO_COMMON_BLOCKS = YES;
				GCC_WARN_64_TO_32_BIT_CONVERSION = YES;
				GCC_WARN_ABOUT_RETURN_TYPE = YES_ERROR;
				GCC_WARN_UNDECLARED_SELECTOR = YES;
				GCC_WARN_UNINITIALIZED_AUTOS = YES_AGGRESSIVE;
				GCC_WARN_UNUSED_FUNCTION = YES;
				GCC_WARN_UNUSED_VARIABLE = YES;
				IPHONEOS_DEPLOYMENT_TARGET = 13.5;
				MTL_ENABLE_DEBUG_INFO = NO;
				MTL_FAST_MATH = YES;
				SDKROOT = iphoneos;
				SWIFT_COMPILATION_MODE = wholemodule;
				SWIFT_OPTIMIZATION_LEVEL = "-O";
				VALIDATE_PRODUCT = YES;
				VERSIONING_SYSTEM = "apple-generic";
				VERSION_INFO_PREFIX = "";
			};
			name = Release;
		};
		41864D9124A4DDEE00B72006 /* Debug */ = {
			isa = XCBuildConfiguration;
			buildSettings = {
				CLANG_ENABLE_MODULES = YES;
				CODE_SIGN_STYLE = Automatic;
				DEFINES_MODULE = YES;
				DEVELOPMENT_TEAM = 2SH2HG365W;
				DYLIB_COMPATIBILITY_VERSION = 1;
				DYLIB_CURRENT_VERSION = 1;
				DYLIB_INSTALL_NAME_BASE = "@rpath";
				INFOPLIST_FILE = BillEngine/Info.plist;
				INSTALL_PATH = "$(LOCAL_LIBRARY_DIR)/Frameworks";
				IPHONEOS_DEPLOYMENT_TARGET = 12.1;
				LD_RUNPATH_SEARCH_PATHS = (
					"$(inherited)",
					"@executable_path/Frameworks",
					"@loader_path/Frameworks",
				);
				PRODUCT_BUNDLE_IDENTIFIER = com.aliasgar.mala.BillEngine;
				PRODUCT_NAME = "$(TARGET_NAME:c99extidentifier)";
				SKIP_INSTALL = YES;
				SWIFT_OPTIMIZATION_LEVEL = "-Onone";
				SWIFT_VERSION = 5.0;
				TARGETED_DEVICE_FAMILY = "1,2";
			};
			name = Debug;
		};
		41864D9224A4DDEE00B72006 /* Release */ = {
			isa = XCBuildConfiguration;
			buildSettings = {
				CLANG_ENABLE_MODULES = YES;
				CODE_SIGN_STYLE = Automatic;
				DEFINES_MODULE = YES;
				DEVELOPMENT_TEAM = 2SH2HG365W;
				DYLIB_COMPATIBILITY_VERSION = 1;
				DYLIB_CURRENT_VERSION = 1;
				DYLIB_INSTALL_NAME_BASE = "@rpath";
				INFOPLIST_FILE = BillEngine/Info.plist;
				INSTALL_PATH = "$(LOCAL_LIBRARY_DIR)/Frameworks";
				IPHONEOS_DEPLOYMENT_TARGET = 12.1;
				LD_RUNPATH_SEARCH_PATHS = (
					"$(inherited)",
					"@executable_path/Frameworks",
					"@loader_path/Frameworks",
				);
				PRODUCT_BUNDLE_IDENTIFIER = com.aliasgar.mala.BillEngine;
				PRODUCT_NAME = "$(TARGET_NAME:c99extidentifier)";
				SKIP_INSTALL = YES;
				SWIFT_VERSION = 5.0;
				TARGETED_DEVICE_FAMILY = "1,2";
			};
			name = Release;
		};
		41864D9424A4DDEE00B72006 /* Debug */ = {
			isa = XCBuildConfiguration;
			buildSettings = {
				ALWAYS_EMBED_SWIFT_STANDARD_LIBRARIES = YES;
				CODE_SIGN_STYLE = Automatic;
				DEVELOPMENT_TEAM = 2SH2HG365W;
				INFOPLIST_FILE = BillEngineTests/Info.plist;
				LD_RUNPATH_SEARCH_PATHS = (
					"$(inherited)",
					"@executable_path/Frameworks",
					"@loader_path/Frameworks",
				);
				PRODUCT_BUNDLE_IDENTIFIER = com.aliasgar.mala.BillEngineTests;
				PRODUCT_NAME = "$(TARGET_NAME)";
				SWIFT_VERSION = 5.0;
				TARGETED_DEVICE_FAMILY = "1,2";
			};
			name = Debug;
		};
		41864D9524A4DDEE00B72006 /* Release */ = {
			isa = XCBuildConfiguration;
			buildSettings = {
				ALWAYS_EMBED_SWIFT_STANDARD_LIBRARIES = YES;
				CODE_SIGN_STYLE = Automatic;
				DEVELOPMENT_TEAM = 2SH2HG365W;
				INFOPLIST_FILE = BillEngineTests/Info.plist;
				LD_RUNPATH_SEARCH_PATHS = (
					"$(inherited)",
					"@executable_path/Frameworks",
					"@loader_path/Frameworks",
				);
				PRODUCT_BUNDLE_IDENTIFIER = com.aliasgar.mala.BillEngineTests;
				PRODUCT_NAME = "$(TARGET_NAME)";
				SWIFT_VERSION = 5.0;
				TARGETED_DEVICE_FAMILY = "1,2";
			};
			name = Release;
		};
		41E53AA124A6954700C3CDCC /* Debug */ = {
			isa = XCBuildConfiguration;
			buildSettings = {
				ASSETCATALOG_COMPILER_APPICON_NAME = AppIcon;
				CODE_SIGN_STYLE = Automatic;
				DEVELOPMENT_TEAM = 2SH2HG365W;
				INFOPLIST_FILE = Example/Info.plist;
				LD_RUNPATH_SEARCH_PATHS = (
					"$(inherited)",
					"@executable_path/Frameworks",
				);
				PRODUCT_BUNDLE_IDENTIFIER = com.aliasgar.mala.Example;
				PRODUCT_NAME = "$(TARGET_NAME)";
				SWIFT_VERSION = 5.0;
				TARGETED_DEVICE_FAMILY = "1,2";
			};
			name = Debug;
		};
		41E53AA224A6954700C3CDCC /* Release */ = {
			isa = XCBuildConfiguration;
			buildSettings = {
				ASSETCATALOG_COMPILER_APPICON_NAME = AppIcon;
				CODE_SIGN_STYLE = Automatic;
				DEVELOPMENT_TEAM = 2SH2HG365W;
				INFOPLIST_FILE = Example/Info.plist;
				LD_RUNPATH_SEARCH_PATHS = (
					"$(inherited)",
					"@executable_path/Frameworks",
				);
				PRODUCT_BUNDLE_IDENTIFIER = com.aliasgar.mala.Example;
				PRODUCT_NAME = "$(TARGET_NAME)";
				SWIFT_VERSION = 5.0;
				TARGETED_DEVICE_FAMILY = "1,2";
			};
			name = Release;
		};
		41E53AA324A6954700C3CDCC /* Debug */ = {
			isa = XCBuildConfiguration;
			buildSettings = {
				ALWAYS_EMBED_SWIFT_STANDARD_LIBRARIES = YES;
				BUNDLE_LOADER = "$(TEST_HOST)";
				CODE_SIGN_STYLE = Automatic;
				DEVELOPMENT_TEAM = 2SH2HG365W;
				INFOPLIST_FILE = ExampleTests/Info.plist;
				IPHONEOS_DEPLOYMENT_TARGET = 13.5;
				LD_RUNPATH_SEARCH_PATHS = (
					"$(inherited)",
					"@executable_path/Frameworks",
					"@loader_path/Frameworks",
				);
				PRODUCT_BUNDLE_IDENTIFIER = com.aliasgar.mala.ExampleTests;
				PRODUCT_NAME = "$(TARGET_NAME)";
				SWIFT_VERSION = 5.0;
				TARGETED_DEVICE_FAMILY = "1,2";
				TEST_HOST = "$(BUILT_PRODUCTS_DIR)/Example.app/Example";
			};
			name = Debug;
		};
		41E53AA424A6954700C3CDCC /* Release */ = {
			isa = XCBuildConfiguration;
			buildSettings = {
				ALWAYS_EMBED_SWIFT_STANDARD_LIBRARIES = YES;
				BUNDLE_LOADER = "$(TEST_HOST)";
				CODE_SIGN_STYLE = Automatic;
				DEVELOPMENT_TEAM = 2SH2HG365W;
				INFOPLIST_FILE = ExampleTests/Info.plist;
				IPHONEOS_DEPLOYMENT_TARGET = 13.5;
				LD_RUNPATH_SEARCH_PATHS = (
					"$(inherited)",
					"@executable_path/Frameworks",
					"@loader_path/Frameworks",
				);
				PRODUCT_BUNDLE_IDENTIFIER = com.aliasgar.mala.ExampleTests;
				PRODUCT_NAME = "$(TARGET_NAME)";
				SWIFT_VERSION = 5.0;
				TARGETED_DEVICE_FAMILY = "1,2";
				TEST_HOST = "$(BUILT_PRODUCTS_DIR)/Example.app/Example";
			};
			name = Release;
		};
/* End XCBuildConfiguration section */

/* Begin XCConfigurationList section */
		41864D7624A4DDEE00B72006 /* Build configuration list for PBXProject "BillEngine" */ = {
			isa = XCConfigurationList;
			buildConfigurations = (
				41864D8E24A4DDEE00B72006 /* Debug */,
				41864D8F24A4DDEE00B72006 /* Release */,
			);
			defaultConfigurationIsVisible = 0;
			defaultConfigurationName = Release;
		};
		41864D9024A4DDEE00B72006 /* Build configuration list for PBXNativeTarget "BillEngine" */ = {
			isa = XCConfigurationList;
			buildConfigurations = (
				41864D9124A4DDEE00B72006 /* Debug */,
				41864D9224A4DDEE00B72006 /* Release */,
			);
			defaultConfigurationIsVisible = 0;
			defaultConfigurationName = Release;
		};
		41864D9324A4DDEE00B72006 /* Build configuration list for PBXNativeTarget "BillEngineTests" */ = {
			isa = XCConfigurationList;
			buildConfigurations = (
				41864D9424A4DDEE00B72006 /* Debug */,
				41864D9524A4DDEE00B72006 /* Release */,
			);
			defaultConfigurationIsVisible = 0;
			defaultConfigurationName = Release;
		};
		41E53AA524A6954700C3CDCC /* Build configuration list for PBXNativeTarget "Example" */ = {
			isa = XCConfigurationList;
			buildConfigurations = (
				41E53AA124A6954700C3CDCC /* Debug */,
				41E53AA224A6954700C3CDCC /* Release */,
			);
			defaultConfigurationIsVisible = 0;
			defaultConfigurationName = Release;
		};
		41E53AA624A6954700C3CDCC /* Build configuration list for PBXNativeTarget "ExampleTests" */ = {
			isa = XCConfigurationList;
			buildConfigurations = (
				41E53AA324A6954700C3CDCC /* Debug */,
				41E53AA424A6954700C3CDCC /* Release */,
			);
			defaultConfigurationIsVisible = 0;
			defaultConfigurationName = Release;
		};
/* End XCConfigurationList section */
	};
	rootObject = 41864D7324A4DDEE00B72006 /* Project object */;
}
